// !$*UTF8*$!
{
	archiveVersion = 1;
	classes = {
	};
	objectVersion = 46;
	objects = {

/* Begin PBXBuildFile section */
		5B338F741EF03D8000D40406 /* Constants.m in Sources */ = {isa = PBXBuildFile; fileRef = 5B338F731EF03D8000D40406 /* Constants.m */; };
		AA58C3F91CFC4DC600106C66 /* TTFormatViewControllerAccessory.xib in Resources */ = {isa = PBXBuildFile; fileRef = AA58C3F81CFC4DC600106C66 /* TTFormatViewControllerAccessory.xib */; };
		AAB016721D057426005E3F7A /* Credits.rtf in Resources */ = {isa = PBXBuildFile; fileRef = AAB016711D057426005E3F7A /* Credits.rtf */; };
		C7F5DC0A234BD37900892C4E /* TTTableView.m in Sources */ = {isa = PBXBuildFile; fileRef = C7F5DC09234BD37900892C4E /* TTTableView.m */; };
		E109B48B1B5E4598005B4959 /* CSVConfiguration.m in Sources */ = {isa = PBXBuildFile; fileRef = E109B48A1B5E4598005B4959 /* CSVConfiguration.m */; };
		E109B4921B623924005B4959 /* TTFormatViewController.m in Sources */ = {isa = PBXBuildFile; fileRef = E109B4901B623924005B4959 /* TTFormatViewController.m */; };
		E109B4931B623924005B4959 /* TTFormatViewController.xib in Resources */ = {isa = PBXBuildFile; fileRef = E109B4911B623924005B4959 /* TTFormatViewController.xib */; };
		E16BDFCE1B4E74960024F0BD /* CSVReader.m in Sources */ = {isa = PBXBuildFile; fileRef = E16BDFCD1B4E74960024F0BD /* CSVReader.m */; };
		E16BDFD11B4FA1B90024F0BD /* CSVWriter.m in Sources */ = {isa = PBXBuildFile; fileRef = E16BDFD01B4FA1B90024F0BD /* CSVWriter.m */; };
		E1CC84E21B4A5F2A00ED8314 /* AppDelegate.m in Sources */ = {isa = PBXBuildFile; fileRef = E1CC84E11B4A5F2A00ED8314 /* AppDelegate.m */; };
		E1CC84E41B4A5F2A00ED8314 /* main.m in Sources */ = {isa = PBXBuildFile; fileRef = E1CC84E31B4A5F2A00ED8314 /* main.m */; };
		E1CC84E71B4A5F2A00ED8314 /* Document.m in Sources */ = {isa = PBXBuildFile; fileRef = E1CC84E61B4A5F2A00ED8314 /* Document.m */; };
		E1CC84EA1B4A5F2A00ED8314 /* Document.xib in Resources */ = {isa = PBXBuildFile; fileRef = E1CC84E81B4A5F2A00ED8314 /* Document.xib */; };
		E1CC84EC1B4A5F2A00ED8314 /* Images.xcassets in Resources */ = {isa = PBXBuildFile; fileRef = E1CC84EB1B4A5F2A00ED8314 /* Images.xcassets */; };
		E1CC84EF1B4A5F2A00ED8314 /* MainMenu.xib in Resources */ = {isa = PBXBuildFile; fileRef = E1CC84ED1B4A5F2A00ED8314 /* MainMenu.xib */; };
		E1CC84FB1B4A5F2A00ED8314 /* Table_ToolTests.m in Sources */ = {isa = PBXBuildFile; fileRef = E1CC84FA1B4A5F2A00ED8314 /* Table_ToolTests.m */; };
		E1CEF87F1B6A23860083B957 /* TTErrorViewController.m in Sources */ = {isa = PBXBuildFile; fileRef = E1CEF87D1B6A23860083B957 /* TTErrorViewController.m */; };
		E1CEF8801B6A23860083B957 /* TTErrorViewController.xib in Resources */ = {isa = PBXBuildFile; fileRef = E1CEF87E1B6A23860083B957 /* TTErrorViewController.xib */; };
		E1CEF8831B6B63380083B957 /* ToolbarIcons.m in Sources */ = {isa = PBXBuildFile; fileRef = E1CEF8821B6B63380083B957 /* ToolbarIcons.m */; };
		E1CEF8861B7097280083B957 /* CSVHeuristic.m in Sources */ = {isa = PBXBuildFile; fileRef = E1CEF8851B7097280083B957 /* CSVHeuristic.m */; };
		E1CEF8881B74B4310083B957 /* test-doc-unquoted.csv in Resources */ = {isa = PBXBuildFile; fileRef = E1CEF8871B74B4310083B957 /* test-doc-unquoted.csv */; };
		E1CEF88C1B79E5360083B957 /* Reading Test Documents in Resources */ = {isa = PBXBuildFile; fileRef = E1CEF88B1B79E5360083B957 /* Reading Test Documents */; };
		E1CEF8921B7B4E5E0083B957 /* test-doc-quoted.csv in Resources */ = {isa = PBXBuildFile; fileRef = E1CEF8911B7B4E5E0083B957 /* test-doc-quoted.csv */; };
		E1CEF89A1B7CC4250083B957 /* Heuristic Test Documents in Resources */ = {isa = PBXBuildFile; fileRef = E1CEF8991B7CC4250083B957 /* Heuristic Test Documents */; };
/* End PBXBuildFile section */

/* Begin PBXContainerItemProxy section */
		E1CC84F51B4A5F2A00ED8314 /* PBXContainerItemProxy */ = {
			isa = PBXContainerItemProxy;
			containerPortal = E1CC84D31B4A5F2A00ED8314 /* Project object */;
			proxyType = 1;
			remoteGlobalIDString = E1CC84DA1B4A5F2A00ED8314;
			remoteInfo = "Table Tool";
		};
/* End PBXContainerItemProxy section */

/* Begin PBXFileReference section */
		36007A091D083BA000898043 /* Table Tool.entitlements */ = {isa = PBXFileReference; lastKnownFileType = text.xml; path = "Table Tool.entitlements"; sourceTree = "<group>"; };
		5B338F721EF03D8000D40406 /* Constants.h */ = {isa = PBXFileReference; fileEncoding = 4; lastKnownFileType = sourcecode.c.h; path = Constants.h; sourceTree = "<group>"; };
		5B338F731EF03D8000D40406 /* Constants.m */ = {isa = PBXFileReference; fileEncoding = 4; lastKnownFileType = sourcecode.c.objc; path = Constants.m; sourceTree = "<group>"; };
		AA41D3431CF2E7CE00CB3E7D /* Table Tool-Bridging-Header.h */ = {isa = PBXFileReference; lastKnownFileType = sourcecode.c.h; path = "Table Tool-Bridging-Header.h"; sourceTree = "<group>"; };
		AA58C3F81CFC4DC600106C66 /* TTFormatViewControllerAccessory.xib */ = {isa = PBXFileReference; fileEncoding = 4; lastKnownFileType = file.xib; path = TTFormatViewControllerAccessory.xib; sourceTree = "<group>"; };
		AAB016711D057426005E3F7A /* Credits.rtf */ = {isa = PBXFileReference; fileEncoding = 4; lastKnownFileType = text.rtf; path = Credits.rtf; sourceTree = "<group>"; };
		C7F5DC08234BD37900892C4E /* TTTableView.h */ = {isa = PBXFileReference; lastKnownFileType = sourcecode.c.h; path = TTTableView.h; sourceTree = "<group>"; };
		C7F5DC09234BD37900892C4E /* TTTableView.m */ = {isa = PBXFileReference; lastKnownFileType = sourcecode.c.objc; path = TTTableView.m; sourceTree = "<group>"; };
		E109B4891B5E4598005B4959 /* CSVConfiguration.h */ = {isa = PBXFileReference; fileEncoding = 4; lastKnownFileType = sourcecode.c.h; path = CSVConfiguration.h; sourceTree = "<group>"; };
		E109B48A1B5E4598005B4959 /* CSVConfiguration.m */ = {isa = PBXFileReference; fileEncoding = 4; lastKnownFileType = sourcecode.c.objc; path = CSVConfiguration.m; sourceTree = "<group>"; };
		E109B48F1B623924005B4959 /* TTFormatViewController.h */ = {isa = PBXFileReference; fileEncoding = 4; lastKnownFileType = sourcecode.c.h; path = TTFormatViewController.h; sourceTree = "<group>"; };
		E109B4901B623924005B4959 /* TTFormatViewController.m */ = {isa = PBXFileReference; fileEncoding = 4; lastKnownFileType = sourcecode.c.objc; path = TTFormatViewController.m; sourceTree = "<group>"; };
		E109B4911B623924005B4959 /* TTFormatViewController.xib */ = {isa = PBXFileReference; fileEncoding = 4; lastKnownFileType = file.xib; path = TTFormatViewController.xib; sourceTree = "<group>"; };
		E16BDFCC1B4E74960024F0BD /* CSVReader.h */ = {isa = PBXFileReference; fileEncoding = 4; lastKnownFileType = sourcecode.c.h; path = CSVReader.h; sourceTree = "<group>"; };
		E16BDFCD1B4E74960024F0BD /* CSVReader.m */ = {isa = PBXFileReference; fileEncoding = 4; lastKnownFileType = sourcecode.c.objc; path = CSVReader.m; sourceTree = "<group>"; };
		E16BDFCF1B4FA1B90024F0BD /* CSVWriter.h */ = {isa = PBXFileReference; fileEncoding = 4; lastKnownFileType = sourcecode.c.h; path = CSVWriter.h; sourceTree = "<group>"; };
		E16BDFD01B4FA1B90024F0BD /* CSVWriter.m */ = {isa = PBXFileReference; fileEncoding = 4; lastKnownFileType = sourcecode.c.objc; path = CSVWriter.m; sourceTree = "<group>"; };
		E1CC84DB1B4A5F2A00ED8314 /* Table Tool.app */ = {isa = PBXFileReference; explicitFileType = wrapper.application; includeInIndex = 0; path = "Table Tool.app"; sourceTree = BUILT_PRODUCTS_DIR; };
		E1CC84DF1B4A5F2A00ED8314 /* Info.plist */ = {isa = PBXFileReference; lastKnownFileType = text.plist.xml; path = Info.plist; sourceTree = "<group>"; };
		E1CC84E01B4A5F2A00ED8314 /* AppDelegate.h */ = {isa = PBXFileReference; lastKnownFileType = sourcecode.c.h; path = AppDelegate.h; sourceTree = "<group>"; };
		E1CC84E11B4A5F2A00ED8314 /* AppDelegate.m */ = {isa = PBXFileReference; lastKnownFileType = sourcecode.c.objc; path = AppDelegate.m; sourceTree = "<group>"; };
		E1CC84E31B4A5F2A00ED8314 /* main.m */ = {isa = PBXFileReference; lastKnownFileType = sourcecode.c.objc; path = main.m; sourceTree = "<group>"; };
		E1CC84E51B4A5F2A00ED8314 /* Document.h */ = {isa = PBXFileReference; lastKnownFileType = sourcecode.c.h; path = Document.h; sourceTree = "<group>"; };
		E1CC84E61B4A5F2A00ED8314 /* Document.m */ = {isa = PBXFileReference; lastKnownFileType = sourcecode.c.objc; path = Document.m; sourceTree = "<group>"; };
		E1CC84E91B4A5F2A00ED8314 /* Base */ = {isa = PBXFileReference; lastKnownFileType = file.xib; name = Base; path = Base.lproj/Document.xib; sourceTree = "<group>"; };
		E1CC84EB1B4A5F2A00ED8314 /* Images.xcassets */ = {isa = PBXFileReference; lastKnownFileType = folder.assetcatalog; path = Images.xcassets; sourceTree = "<group>"; };
		E1CC84EE1B4A5F2A00ED8314 /* Base */ = {isa = PBXFileReference; lastKnownFileType = file.xib; name = Base; path = Base.lproj/MainMenu.xib; sourceTree = "<group>"; };
		E1CC84F41B4A5F2A00ED8314 /* Table ToolTests.xctest */ = {isa = PBXFileReference; explicitFileType = wrapper.cfbundle; includeInIndex = 0; path = "Table ToolTests.xctest"; sourceTree = BUILT_PRODUCTS_DIR; };
		E1CC84F91B4A5F2A00ED8314 /* Info.plist */ = {isa = PBXFileReference; lastKnownFileType = text.plist.xml; path = Info.plist; sourceTree = "<group>"; };
		E1CC84FA1B4A5F2A00ED8314 /* Table_ToolTests.m */ = {isa = PBXFileReference; lastKnownFileType = sourcecode.c.objc; path = Table_ToolTests.m; sourceTree = "<group>"; };
		E1CEF87C1B6A23860083B957 /* TTErrorViewController.h */ = {isa = PBXFileReference; fileEncoding = 4; lastKnownFileType = sourcecode.c.h; path = TTErrorViewController.h; sourceTree = "<group>"; };
		E1CEF87D1B6A23860083B957 /* TTErrorViewController.m */ = {isa = PBXFileReference; fileEncoding = 4; lastKnownFileType = sourcecode.c.objc; path = TTErrorViewController.m; sourceTree = "<group>"; };
		E1CEF87E1B6A23860083B957 /* TTErrorViewController.xib */ = {isa = PBXFileReference; fileEncoding = 4; lastKnownFileType = file.xib; path = TTErrorViewController.xib; sourceTree = "<group>"; };
		E1CEF8811B6B63380083B957 /* ToolbarIcons.h */ = {isa = PBXFileReference; fileEncoding = 4; lastKnownFileType = sourcecode.c.h; path = ToolbarIcons.h; sourceTree = "<group>"; };
		E1CEF8821B6B63380083B957 /* ToolbarIcons.m */ = {isa = PBXFileReference; fileEncoding = 4; lastKnownFileType = sourcecode.c.objc; path = ToolbarIcons.m; sourceTree = "<group>"; };
		E1CEF8841B7097280083B957 /* CSVHeuristic.h */ = {isa = PBXFileReference; fileEncoding = 4; lastKnownFileType = sourcecode.c.h; path = CSVHeuristic.h; sourceTree = "<group>"; };
		E1CEF8851B7097280083B957 /* CSVHeuristic.m */ = {isa = PBXFileReference; fileEncoding = 4; lastKnownFileType = sourcecode.c.objc; path = CSVHeuristic.m; sourceTree = "<group>"; };
		E1CEF8871B74B4310083B957 /* test-doc-unquoted.csv */ = {isa = PBXFileReference; fileEncoding = 4; lastKnownFileType = text; path = "test-doc-unquoted.csv"; sourceTree = "<group>"; };
		E1CEF88B1B79E5360083B957 /* Reading Test Documents */ = {isa = PBXFileReference; lastKnownFileType = folder; path = "Reading Test Documents"; sourceTree = "<group>"; };
		E1CEF8911B7B4E5E0083B957 /* test-doc-quoted.csv */ = {isa = PBXFileReference; fileEncoding = 4; lastKnownFileType = text; path = "test-doc-quoted.csv"; sourceTree = "<group>"; };
		E1CEF8991B7CC4250083B957 /* Heuristic Test Documents */ = {isa = PBXFileReference; lastKnownFileType = folder; path = "Heuristic Test Documents"; sourceTree = "<group>"; };
/* End PBXFileReference section */

/* Begin PBXFrameworksBuildPhase section */
		E1CC84D81B4A5F2A00ED8314 /* Frameworks */ = {
			isa = PBXFrameworksBuildPhase;
			buildActionMask = 2147483647;
			files = (
			);
			runOnlyForDeploymentPostprocessing = 0;
		};
		E1CC84F11B4A5F2A00ED8314 /* Frameworks */ = {
			isa = PBXFrameworksBuildPhase;
			buildActionMask = 2147483647;
			files = (
			);
			runOnlyForDeploymentPostprocessing = 0;
		};
/* End PBXFrameworksBuildPhase section */

/* Begin PBXGroup section */
		E1CC84D21B4A5F2A00ED8314 = {
			isa = PBXGroup;
			children = (
				E1CC84DD1B4A5F2A00ED8314 /* Table Tool */,
				E1CC84F71B4A5F2A00ED8314 /* Table ToolTests */,
				E1CC84DC1B4A5F2A00ED8314 /* Products */,
			);
			sourceTree = "<group>";
		};
		E1CC84DC1B4A5F2A00ED8314 /* Products */ = {
			isa = PBXGroup;
			children = (
				E1CC84DB1B4A5F2A00ED8314 /* Table Tool.app */,
				E1CC84F41B4A5F2A00ED8314 /* Table ToolTests.xctest */,
			);
			name = Products;
			sourceTree = "<group>";
		};
		E1CC84DD1B4A5F2A00ED8314 /* Table Tool */ = {
			isa = PBXGroup;
			children = (
				5B338F721EF03D8000D40406 /* Constants.h */,
				5B338F731EF03D8000D40406 /* Constants.m */,
				36007A091D083BA000898043 /* Table Tool.entitlements */,
				E1CEF8811B6B63380083B957 /* ToolbarIcons.h */,
				E1CEF8821B6B63380083B957 /* ToolbarIcons.m */,
				E1CC84E01B4A5F2A00ED8314 /* AppDelegate.h */,
				E1CC84E11B4A5F2A00ED8314 /* AppDelegate.m */,
				E1CC84E51B4A5F2A00ED8314 /* Document.h */,
				E1CC84E61B4A5F2A00ED8314 /* Document.m */,
				E1CC84E81B4A5F2A00ED8314 /* Document.xib */,
				E1CC84EB1B4A5F2A00ED8314 /* Images.xcassets */,
				E1CC84ED1B4A5F2A00ED8314 /* MainMenu.xib */,
				E1CC84DE1B4A5F2A00ED8314 /* Supporting Files */,
				E16BDFCC1B4E74960024F0BD /* CSVReader.h */,
				E16BDFCD1B4E74960024F0BD /* CSVReader.m */,
				E16BDFCF1B4FA1B90024F0BD /* CSVWriter.h */,
				E16BDFD01B4FA1B90024F0BD /* CSVWriter.m */,
				E109B4891B5E4598005B4959 /* CSVConfiguration.h */,
				E109B48A1B5E4598005B4959 /* CSVConfiguration.m */,
				E109B48F1B623924005B4959 /* TTFormatViewController.h */,
				E109B4901B623924005B4959 /* TTFormatViewController.m */,
				E109B4911B623924005B4959 /* TTFormatViewController.xib */,
				AA58C3F81CFC4DC600106C66 /* TTFormatViewControllerAccessory.xib */,
				E1CEF87C1B6A23860083B957 /* TTErrorViewController.h */,
				E1CEF87D1B6A23860083B957 /* TTErrorViewController.m */,
				E1CEF87E1B6A23860083B957 /* TTErrorViewController.xib */,
				E1CEF8841B7097280083B957 /* CSVHeuristic.h */,
				E1CEF8851B7097280083B957 /* CSVHeuristic.m */,
				AA41D3431CF2E7CE00CB3E7D /* Table Tool-Bridging-Header.h */,
				C7F5DC08234BD37900892C4E /* TTTableView.h */,
				C7F5DC09234BD37900892C4E /* TTTableView.m */,
			);
			path = "Table Tool";
			sourceTree = "<group>";
		};
		E1CC84DE1B4A5F2A00ED8314 /* Supporting Files */ = {
			isa = PBXGroup;
			children = (
				E1CC84DF1B4A5F2A00ED8314 /* Info.plist */,
				AAB016711D057426005E3F7A /* Credits.rtf */,
				E1CC84E31B4A5F2A00ED8314 /* main.m */,
			);
			name = "Supporting Files";
			sourceTree = "<group>";
		};
		E1CC84F71B4A5F2A00ED8314 /* Table ToolTests */ = {
			isa = PBXGroup;
			children = (
				E1CC84FA1B4A5F2A00ED8314 /* Table_ToolTests.m */,
				E1CEF8911B7B4E5E0083B957 /* test-doc-quoted.csv */,
				E1CEF8871B74B4310083B957 /* test-doc-unquoted.csv */,
				E1CEF8991B7CC4250083B957 /* Heuristic Test Documents */,
				E1CEF88B1B79E5360083B957 /* Reading Test Documents */,
				E1CC84F81B4A5F2A00ED8314 /* Supporting Files */,
			);
			path = "Table ToolTests";
			sourceTree = "<group>";
		};
		E1CC84F81B4A5F2A00ED8314 /* Supporting Files */ = {
			isa = PBXGroup;
			children = (
				E1CC84F91B4A5F2A00ED8314 /* Info.plist */,
			);
			name = "Supporting Files";
			sourceTree = "<group>";
		};
/* End PBXGroup section */

/* Begin PBXNativeTarget section */
		E1CC84DA1B4A5F2A00ED8314 /* Table Tool */ = {
			isa = PBXNativeTarget;
			buildConfigurationList = E1CC84FE1B4A5F2A00ED8314 /* Build configuration list for PBXNativeTarget "Table Tool" */;
			buildPhases = (
				E1CC84D71B4A5F2A00ED8314 /* Sources */,
				E1CC84D81B4A5F2A00ED8314 /* Frameworks */,
				E1CC84D91B4A5F2A00ED8314 /* Resources */,
			);
			buildRules = (
			);
			dependencies = (
			);
			name = "Table Tool";
			productName = "Table Tool";
			productReference = E1CC84DB1B4A5F2A00ED8314 /* Table Tool.app */;
			productType = "com.apple.product-type.application";
		};
		E1CC84F31B4A5F2A00ED8314 /* Table ToolTests */ = {
			isa = PBXNativeTarget;
			buildConfigurationList = E1CC85011B4A5F2A00ED8314 /* Build configuration list for PBXNativeTarget "Table ToolTests" */;
			buildPhases = (
				E1CC84F01B4A5F2A00ED8314 /* Sources */,
				E1CC84F11B4A5F2A00ED8314 /* Frameworks */,
				E1CC84F21B4A5F2A00ED8314 /* Resources */,
			);
			buildRules = (
			);
			dependencies = (
				E1CC84F61B4A5F2A00ED8314 /* PBXTargetDependency */,
			);
			name = "Table ToolTests";
			productName = "Table ToolTests";
			productReference = E1CC84F41B4A5F2A00ED8314 /* Table ToolTests.xctest */;
			productType = "com.apple.product-type.bundle.unit-test";
		};
/* End PBXNativeTarget section */

/* Begin PBXProject section */
		E1CC84D31B4A5F2A00ED8314 /* Project object */ = {
			isa = PBXProject;
			attributes = {
				LastSwiftUpdateCheck = 0710;
				LastUpgradeCheck = 0800;
				ORGANIZATIONNAME = "Egger Apps";
				TargetAttributes = {
					E1CC84DA1B4A5F2A00ED8314 = {
						CreatedOnToolsVersion = 6.4;
						SystemCapabilities = {
							com.apple.Sandbox = {
								enabled = 1;
							};
						};
					};
					E1CC84F31B4A5F2A00ED8314 = {
						CreatedOnToolsVersion = 6.4;
						TestTargetID = E1CC84DA1B4A5F2A00ED8314;
					};
				};
			};
			buildConfigurationList = E1CC84D61B4A5F2A00ED8314 /* Build configuration list for PBXProject "Table Tool" */;
			compatibilityVersion = "Xcode 3.2";
			developmentRegion = English;
			hasScannedForEncodings = 0;
			knownRegions = (
				English,
				en,
				Base,
			);
			mainGroup = E1CC84D21B4A5F2A00ED8314;
			productRefGroup = E1CC84DC1B4A5F2A00ED8314 /* Products */;
			projectDirPath = "";
			projectRoot = "";
			targets = (
				E1CC84DA1B4A5F2A00ED8314 /* Table Tool */,
				E1CC84F31B4A5F2A00ED8314 /* Table ToolTests */,
			);
		};
/* End PBXProject section */

/* Begin PBXResourcesBuildPhase section */
		E1CC84D91B4A5F2A00ED8314 /* Resources */ = {
			isa = PBXResourcesBuildPhase;
			buildActionMask = 2147483647;
			files = (
				E1CEF8801B6A23860083B957 /* TTErrorViewController.xib in Resources */,
				E1CC84EA1B4A5F2A00ED8314 /* Document.xib in Resources */,
				AA58C3F91CFC4DC600106C66 /* TTFormatViewControllerAccessory.xib in Resources */,
				E1CC84EC1B4A5F2A00ED8314 /* Images.xcassets in Resources */,
				E1CC84EF1B4A5F2A00ED8314 /* MainMenu.xib in Resources */,
				AAB016721D057426005E3F7A /* Credits.rtf in Resources */,
				E109B4931B623924005B4959 /* TTFormatViewController.xib in Resources */,
			);
			runOnlyForDeploymentPostprocessing = 0;
		};
		E1CC84F21B4A5F2A00ED8314 /* Resources */ = {
			isa = PBXResourcesBuildPhase;
			buildActionMask = 2147483647;
			files = (
				E1CEF88C1B79E5360083B957 /* Reading Test Documents in Resources */,
				E1CEF8881B74B4310083B957 /* test-doc-unquoted.csv in Resources */,
				E1CEF89A1B7CC4250083B957 /* Heuristic Test Documents in Resources */,
				E1CEF8921B7B4E5E0083B957 /* test-doc-quoted.csv in Resources */,
			);
			runOnlyForDeploymentPostprocessing = 0;
		};
/* End PBXResourcesBuildPhase section */

/* Begin PBXSourcesBuildPhase section */
		E1CC84D71B4A5F2A00ED8314 /* Sources */ = {
			isa = PBXSourcesBuildPhase;
			buildActionMask = 2147483647;
			files = (
				5B338F741EF03D8000D40406 /* Constants.m in Sources */,
				E1CEF8831B6B63380083B957 /* ToolbarIcons.m in Sources */,
				E1CC84E71B4A5F2A00ED8314 /* Document.m in Sources */,
				E16BDFCE1B4E74960024F0BD /* CSVReader.m in Sources */,
				E1CEF8861B7097280083B957 /* CSVHeuristic.m in Sources */,
				E1CC84E41B4A5F2A00ED8314 /* main.m in Sources */,
				E1CEF87F1B6A23860083B957 /* TTErrorViewController.m in Sources */,
				C7F5DC0A234BD37900892C4E /* TTTableView.m in Sources */,
				E109B48B1B5E4598005B4959 /* CSVConfiguration.m in Sources */,
				E1CC84E21B4A5F2A00ED8314 /* AppDelegate.m in Sources */,
				E109B4921B623924005B4959 /* TTFormatViewController.m in Sources */,
				E16BDFD11B4FA1B90024F0BD /* CSVWriter.m in Sources */,
			);
			runOnlyForDeploymentPostprocessing = 0;
		};
		E1CC84F01B4A5F2A00ED8314 /* Sources */ = {
			isa = PBXSourcesBuildPhase;
			buildActionMask = 2147483647;
			files = (
				E1CC84FB1B4A5F2A00ED8314 /* Table_ToolTests.m in Sources */,
			);
			runOnlyForDeploymentPostprocessing = 0;
		};
/* End PBXSourcesBuildPhase section */

/* Begin PBXTargetDependency section */
		E1CC84F61B4A5F2A00ED8314 /* PBXTargetDependency */ = {
			isa = PBXTargetDependency;
			target = E1CC84DA1B4A5F2A00ED8314 /* Table Tool */;
			targetProxy = E1CC84F51B4A5F2A00ED8314 /* PBXContainerItemProxy */;
		};
/* End PBXTargetDependency section */

/* Begin PBXVariantGroup section */
		E1CC84E81B4A5F2A00ED8314 /* Document.xib */ = {
			isa = PBXVariantGroup;
			children = (
				E1CC84E91B4A5F2A00ED8314 /* Base */,
			);
			name = Document.xib;
			sourceTree = "<group>";
		};
		E1CC84ED1B4A5F2A00ED8314 /* MainMenu.xib */ = {
			isa = PBXVariantGroup;
			children = (
				E1CC84EE1B4A5F2A00ED8314 /* Base */,
			);
			name = MainMenu.xib;
			sourceTree = "<group>";
		};
/* End PBXVariantGroup section */

/* Begin XCBuildConfiguration section */
		E1CC84FC1B4A5F2A00ED8314 /* Debug */ = {
			isa = XCBuildConfiguration;
			buildSettings = {
				ALWAYS_SEARCH_USER_PATHS = NO;
				CLANG_CXX_LANGUAGE_STANDARD = "gnu++0x";
				CLANG_CXX_LIBRARY = "libc++";
				CLANG_ENABLE_MODULES = YES;
				CLANG_ENABLE_OBJC_ARC = YES;
				CLANG_WARN_BOOL_CONVERSION = YES;
				CLANG_WARN_CONSTANT_CONVERSION = YES;
				CLANG_WARN_DIRECT_OBJC_ISA_USAGE = YES_ERROR;
				CLANG_WARN_EMPTY_BODY = YES;
				CLANG_WARN_ENUM_CONVERSION = YES;
				CLANG_WARN_INFINITE_RECURSION = YES;
				CLANG_WARN_INT_CONVERSION = YES;
				CLANG_WARN_OBJC_ROOT_CLASS = YES_ERROR;
				CLANG_WARN_SUSPICIOUS_MOVE = YES;
				CLANG_WARN_UNREACHABLE_CODE = YES;
				CLANG_WARN__DUPLICATE_METHOD_MATCH = YES;
				CODE_SIGN_IDENTITY = "-";
				COPY_PHASE_STRIP = NO;
				DEBUG_INFORMATION_FORMAT = dwarf;
				ENABLE_STRICT_OBJC_MSGSEND = YES;
				ENABLE_TESTABILITY = YES;
				GCC_C_LANGUAGE_STANDARD = gnu99;
				GCC_DYNAMIC_NO_PIC = NO;
				GCC_NO_COMMON_BLOCKS = YES;
				GCC_OPTIMIZATION_LEVEL = 0;
				GCC_PREPROCESSOR_DEFINITIONS = (
					"DEBUG=1",
					"$(inherited)",
				);
				GCC_SYMBOLS_PRIVATE_EXTERN = NO;
				GCC_WARN_64_TO_32_BIT_CONVERSION = YES;
				GCC_WARN_ABOUT_RETURN_TYPE = YES_ERROR;
				GCC_WARN_UNDECLARED_SELECTOR = YES;
				GCC_WARN_UNINITIALIZED_AUTOS = YES_AGGRESSIVE;
				GCC_WARN_UNUSED_FUNCTION = YES;
				GCC_WARN_UNUSED_VARIABLE = YES;
				MACOSX_DEPLOYMENT_TARGET = 10.8;
				MTL_ENABLE_DEBUG_INFO = YES;
				ONLY_ACTIVE_ARCH = YES;
				SDKROOT = macosx;
			};
			name = Debug;
		};
		E1CC84FD1B4A5F2A00ED8314 /* Release */ = {
			isa = XCBuildConfiguration;
			buildSettings = {
				ALWAYS_SEARCH_USER_PATHS = NO;
				CLANG_CXX_LANGUAGE_STANDARD = "gnu++0x";
				CLANG_CXX_LIBRARY = "libc++";
				CLANG_ENABLE_MODULES = YES;
				CLANG_ENABLE_OBJC_ARC = YES;
				CLANG_WARN_BOOL_CONVERSION = YES;
				CLANG_WARN_CONSTANT_CONVERSION = YES;
				CLANG_WARN_DIRECT_OBJC_ISA_USAGE = YES_ERROR;
				CLANG_WARN_EMPTY_BODY = YES;
				CLANG_WARN_ENUM_CONVERSION = YES;
				CLANG_WARN_INFINITE_RECURSION = YES;
				CLANG_WARN_INT_CONVERSION = YES;
				CLANG_WARN_OBJC_ROOT_CLASS = YES_ERROR;
				CLANG_WARN_SUSPICIOUS_MOVE = YES;
				CLANG_WARN_UNREACHABLE_CODE = YES;
				CLANG_WARN__DUPLICATE_METHOD_MATCH = YES;
				CODE_SIGN_IDENTITY = "-";
				COPY_PHASE_STRIP = NO;
				DEBUG_INFORMATION_FORMAT = "dwarf-with-dsym";
				ENABLE_NS_ASSERTIONS = NO;
				ENABLE_STRICT_OBJC_MSGSEND = YES;
				GCC_C_LANGUAGE_STANDARD = gnu99;
				GCC_NO_COMMON_BLOCKS = YES;
				GCC_WARN_64_TO_32_BIT_CONVERSION = YES;
				GCC_WARN_ABOUT_RETURN_TYPE = YES_ERROR;
				GCC_WARN_UNDECLARED_SELECTOR = YES;
				GCC_WARN_UNINITIALIZED_AUTOS = YES_AGGRESSIVE;
				GCC_WARN_UNUSED_FUNCTION = YES;
				GCC_WARN_UNUSED_VARIABLE = YES;
				MACOSX_DEPLOYMENT_TARGET = 10.8;
				MTL_ENABLE_DEBUG_INFO = NO;
				SDKROOT = macosx;
			};
			name = Release;
		};
		E1CC84FF1B4A5F2A00ED8314 /* Debug */ = {
			isa = XCBuildConfiguration;
			buildSettings = {
				ASSETCATALOG_COMPILER_APPICON_NAME = AppIcon;
				CLANG_ENABLE_MODULES = YES;
				CODE_SIGN_ENTITLEMENTS = "Table Tool/Table Tool.entitlements";
				COMBINE_HIDPI_IMAGES = YES;
				INFOPLIST_FILE = "Table Tool/Info.plist";
				LD_RUNPATH_SEARCH_PATHS = "$(inherited) @executable_path/../Frameworks";
				PRODUCT_BUNDLE_IDENTIFIER = at.eggerapps.tabletool;
				PRODUCT_NAME = "$(TARGET_NAME)";
				SWIFT_OBJC_BRIDGING_HEADER = "Table Tool/Table Tool-Bridging-Header.h";
				SWIFT_OPTIMIZATION_LEVEL = "-Onone";
			};
			name = Debug;
		};
		E1CC85001B4A5F2A00ED8314 /* Release */ = {
			isa = XCBuildConfiguration;
			buildSettings = {
				ASSETCATALOG_COMPILER_APPICON_NAME = AppIcon;
				CLANG_ENABLE_MODULES = YES;
				CODE_SIGN_ENTITLEMENTS = "Table Tool/Table Tool.entitlements";
				COMBINE_HIDPI_IMAGES = YES;
				INFOPLIST_FILE = "Table Tool/Info.plist";
				LD_RUNPATH_SEARCH_PATHS = "$(inherited) @executable_path/../Frameworks";
				PRODUCT_BUNDLE_IDENTIFIER = at.eggerapps.tabletool;
				PRODUCT_NAME = "$(TARGET_NAME)";
				SWIFT_OBJC_BRIDGING_HEADER = "Table Tool/Table Tool-Bridging-Header.h";
			};
			name = Release;
		};
		E1CC85021B4A5F2A00ED8314 /* Debug */ = {
			isa = XCBuildConfiguration;
			buildSettings = {
				BUNDLE_LOADER = "$(TEST_HOST)";
				COMBINE_HIDPI_IMAGES = YES;
				FRAMEWORK_SEARCH_PATHS = (
					"$(DEVELOPER_FRAMEWORKS_DIR)",
					"$(inherited)",
				);
				GCC_PREPROCESSOR_DEFINITIONS = (
					"DEBUG=1",
					"$(inherited)",
				);
				INFOPLIST_FILE = "Table ToolTests/Info.plist";
				LD_RUNPATH_SEARCH_PATHS = "$(inherited) @executable_path/../Frameworks @loader_path/../Frameworks";
				PRODUCT_BUNDLE_IDENTIFIER = "at.eggerapps.$(PRODUCT_NAME:rfc1034identifier)";
				PRODUCT_NAME = "$(TARGET_NAME)";
				TEST_HOST = "$(BUILT_PRODUCTS_DIR)/Table Tool.app/Contents/MacOS/Table Tool";
			};
			name = Debug;
		};
		E1CC85031B4A5F2A00ED8314 /* Release */ = {
			isa = XCBuildConfiguration;
			buildSettings = {
				BUNDLE_LOADER = "$(TEST_HOST)";
				COMBINE_HIDPI_IMAGES = YES;
				FRAMEWORK_SEARCH_PATHS = (
					"$(DEVELOPER_FRAMEWORKS_DIR)",
					"$(inherited)",
				);
				INFOPLIST_FILE = "Table ToolTests/Info.plist";
				LD_RUNPATH_SEARCH_PATHS = "$(inherited) @executable_path/../Frameworks @loader_path/../Frameworks";
				PRODUCT_BUNDLE_IDENTIFIER = "at.eggerapps.$(PRODUCT_NAME:rfc1034identifier)";
				PRODUCT_NAME = "$(TARGET_NAME)";
				TEST_HOST = "$(BUILT_PRODUCTS_DIR)/Table Tool.app/Contents/MacOS/Table Tool";
			};
			name = Release;
		};
/* End XCBuildConfiguration section */

/* Begin XCConfigurationList section */
		E1CC84D61B4A5F2A00ED8314 /* Build configuration list for PBXProject "Table Tool" */ = {
			isa = XCConfigurationList;
			buildConfigurations = (
				E1CC84FC1B4A5F2A00ED8314 /* Debug */,
				E1CC84FD1B4A5F2A00ED8314 /* Release */,
			);
			defaultConfigurationIsVisible = 0;
			defaultConfigurationName = Release;
		};
		E1CC84FE1B4A5F2A00ED8314 /* Build configuration list for PBXNativeTarget "Table Tool" */ = {
			isa = XCConfigurationList;
			buildConfigurations = (
				E1CC84FF1B4A5F2A00ED8314 /* Debug */,
				E1CC85001B4A5F2A00ED8314 /* Release */,
			);
			defaultConfigurationIsVisible = 0;
			defaultConfigurationName = Release;
		};
		E1CC85011B4A5F2A00ED8314 /* Build configuration list for PBXNativeTarget "Table ToolTests" */ = {
			isa = XCConfigurationList;
			buildConfigurations = (
				E1CC85021B4A5F2A00ED8314 /* Debug */,
				E1CC85031B4A5F2A00ED8314 /* Release */,
			);
			defaultConfigurationIsVisible = 0;
			defaultConfigurationName = Release;
		};
/* End XCConfigurationList section */
	};
	rootObject = E1CC84D31B4A5F2A00ED8314 /* Project object */;
}
